
Microsoft Visual Studio Solution File, Format Version 12.00
# Visual Studio Version 17
VisualStudioVersion = 17.0.31912.275
MinimumVisualStudioVersion = 10.0.40219.1
Project("{FAE04EC0-301F-11D3-BF4B-00C04F79EFBC}") = "Biblioteka", "Biblioteka\Biblioteka.csproj", "{88E1E2A8-096E-4C42-B7E3-DECB3FA04717}"
EndProject
Global
	GlobalSection(SolutionConfigurationPlatforms) = preSolution
		Debug|Any CPU = Debug|Any CPU
		Release|Any CPU = Release|Any CPU
	EndGlobalSection
	GlobalSection(ProjectConfigurationPlatforms) = postSolution
		{88E1E2A8-096E-4C42-B7E3-DECB3FA04717}.Debug|Any CPU.ActiveCfg = Debug|Any CPU
		{88E1E2A8-096E-4C42-B7E3-DECB3FA04717}.Debug|Any CPU.Build.0 = Debug|Any CPU
		{88E1E2A8-096E-4C42-B7E3-DECB3FA04717}.Release|Any CPU.ActiveCfg = Release|Any CPU
		{88E1E2A8-096E-4C42-B7E3-DECB3FA04717}.Release|Any CPU.Build.0 = Release|Any CPU
	EndGlobalSection
	GlobalSection(SolutionProperties) = preSolution
		HideSolutionNode = FALSE
	EndGlobalSection
	GlobalSection(ExtensibilityGlobals) = postSolution
		SolutionGuid = {1A3B0D31-2106-46B5-9238-2548E7562D2B}
	EndGlobalSection
EndGlobal
